// !$*UTF8*$!
{
	archiveVersion = 1;
	classes = {
	};
	objectVersion = 48;
	objects = {

/* Begin PBXBuildFile section */
		166E44CB1F8D23BC00959EE2 /* mandalaView.swift in Sources */ = {isa = PBXBuildFile; fileRef = 166E44CA1F8D23BC00959EE2 /* mandalaView.swift */; };
		166E44CD1F8D241800959EE2 /* mandalaScreen.storyboard in Resources */ = {isa = PBXBuildFile; fileRef = 166E44CC1F8D241800959EE2 /* mandalaScreen.storyboard */; };
		221459651F8D6B8600AAD240 /* TimerViewController.swift in Sources */ = {isa = PBXBuildFile; fileRef = 221459641F8D6B8600AAD240 /* TimerViewController.swift */; };
		2279CEE91F8BF3E9003D57AA /* AppDelegate.swift in Sources */ = {isa = PBXBuildFile; fileRef = 2279CEE81F8BF3E9003D57AA /* AppDelegate.swift */; };
		2279CEEB1F8BF3E9003D57AA /* ViewController.swift in Sources */ = {isa = PBXBuildFile; fileRef = 2279CEEA1F8BF3E9003D57AA /* ViewController.swift */; };
		2279CEEE1F8BF3E9003D57AA /* Main.storyboard in Resources */ = {isa = PBXBuildFile; fileRef = 2279CEEC1F8BF3E9003D57AA /* Main.storyboard */; };
		2279CEF11F8BF3E9003D57AA /* NelsonMandala.xcdatamodeld in Sources */ = {isa = PBXBuildFile; fileRef = 2279CEEF1F8BF3E9003D57AA /* NelsonMandala.xcdatamodeld */; };
		2279CEF31F8BF3E9003D57AA /* Assets.xcassets in Resources */ = {isa = PBXBuildFile; fileRef = 2279CEF21F8BF3E9003D57AA /* Assets.xcassets */; };
		2279CEF61F8BF3E9003D57AA /* LaunchScreen.storyboard in Resources */ = {isa = PBXBuildFile; fileRef = 2279CEF41F8BF3E9003D57AA /* LaunchScreen.storyboard */; };
/* End PBXBuildFile section */

/* Begin PBXFileReference section */
		166E44CA1F8D23BC00959EE2 /* mandalaView.swift */ = {isa = PBXFileReference; fileEncoding = 4; lastKnownFileType = sourcecode.swift; path = mandalaView.swift; sourceTree = "<group>"; };
		166E44CC1F8D241800959EE2 /* mandalaScreen.storyboard */ = {isa = PBXFileReference; lastKnownFileType = file.storyboard; path = mandalaScreen.storyboard; sourceTree = "<group>"; };
		166E44CE1F8D252400959EE2 /* 86e2a992a86ddc22a7e4a7cd227fa487--tattoo-cover-mandala-tattoo.jpg */ = {isa = PBXFileReference; lastKnownFileType = image.jpeg; path = "86e2a992a86ddc22a7e4a7cd227fa487--tattoo-cover-mandala-tattoo.jpg"; sourceTree = "<group>"; };
		221459641F8D6B8600AAD240 /* TimerViewController.swift */ = {isa = PBXFileReference; lastKnownFileType = sourcecode.swift; path = TimerViewController.swift; sourceTree = "<group>"; };
		2279CEE51F8BF3E9003D57AA /* NelsonMandala.app */ = {isa = PBXFileReference; explicitFileType = wrapper.application; includeInIndex = 0; path = NelsonMandala.app; sourceTree = BUILT_PRODUCTS_DIR; };
		2279CEE81F8BF3E9003D57AA /* AppDelegate.swift */ = {isa = PBXFileReference; lastKnownFileType = sourcecode.swift; path = AppDelegate.swift; sourceTree = "<group>"; };
		2279CEEA1F8BF3E9003D57AA /* ViewController.swift */ = {isa = PBXFileReference; lastKnownFileType = sourcecode.swift; path = ViewController.swift; sourceTree = "<group>"; };
		2279CEED1F8BF3E9003D57AA /* Base */ = {isa = PBXFileReference; lastKnownFileType = file.storyboard; name = Base; path = Base.lproj/Main.storyboard; sourceTree = "<group>"; };
		2279CEF01F8BF3E9003D57AA /* NelsonMandala.xcdatamodel */ = {isa = PBXFileReference; lastKnownFileType = wrapper.xcdatamodel; path = NelsonMandala.xcdatamodel; sourceTree = "<group>"; };
		2279CEF21F8BF3E9003D57AA /* Assets.xcassets */ = {isa = PBXFileReference; lastKnownFileType = folder.assetcatalog; path = Assets.xcassets; sourceTree = "<group>"; };
		2279CEF51F8BF3E9003D57AA /* Base */ = {isa = PBXFileReference; lastKnownFileType = file.storyboard; name = Base; path = Base.lproj/LaunchScreen.storyboard; sourceTree = "<group>"; };
		2279CEF71F8BF3E9003D57AA /* Info.plist */ = {isa = PBXFileReference; lastKnownFileType = text.plist.xml; path = Info.plist; sourceTree = "<group>"; };
/* End PBXFileReference section */

/* Begin PBXFrameworksBuildPhase section */
		2279CEE21F8BF3E9003D57AA /* Frameworks */ = {
			isa = PBXFrameworksBuildPhase;
			buildActionMask = 2147483647;
			files = (
			);
			runOnlyForDeploymentPostprocessing = 0;
		};
/* End PBXFrameworksBuildPhase section */

/* Begin PBXGroup section */
		2279CEDC1F8BF3E9003D57AA = {
			isa = PBXGroup;
			children = (
				2279CEE71F8BF3E9003D57AA /* NelsonMandala */,
				2279CEE61F8BF3E9003D57AA /* Products */,
				166E44CE1F8D252400959EE2 /* 86e2a992a86ddc22a7e4a7cd227fa487--tattoo-cover-mandala-tattoo.jpg */,
			);
			sourceTree = "<group>";
		};
		2279CEE61F8BF3E9003D57AA /* Products */ = {
			isa = PBXGroup;
			children = (
				2279CEE51F8BF3E9003D57AA /* NelsonMandala.app */,
			);
			name = Products;
			sourceTree = "<group>";
		};
		2279CEE71F8BF3E9003D57AA /* NelsonMandala */ = {
			isa = PBXGroup;
			children = (
				166E44CA1F8D23BC00959EE2 /* mandalaView.swift */,
				2279CEE81F8BF3E9003D57AA /* AppDelegate.swift */,
				2279CEEA1F8BF3E9003D57AA /* ViewController.swift */,
				221459641F8D6B8600AAD240 /* TimerViewController.swift */,
				2279CEEC1F8BF3E9003D57AA /* Main.storyboard */,
				2279CEF21F8BF3E9003D57AA /* Assets.xcassets */,
				2279CEF41F8BF3E9003D57AA /* LaunchScreen.storyboard */,
				2279CEF71F8BF3E9003D57AA /* Info.plist */,
				2279CEEF1F8BF3E9003D57AA /* NelsonMandala.xcdatamodeld */,
				166E44CC1F8D241800959EE2 /* mandalaScreen.storyboard */,
			);
			path = NelsonMandala;
			sourceTree = "<group>";
		};
/* End PBXGroup section */

/* Begin PBXNativeTarget section */
		2279CEE41F8BF3E9003D57AA /* NelsonMandala */ = {
			isa = PBXNativeTarget;
			buildConfigurationList = 2279CEFA1F8BF3E9003D57AA /* Build configuration list for PBXNativeTarget "NelsonMandala" */;
			buildPhases = (
				2279CEE11F8BF3E9003D57AA /* Sources */,
				2279CEE21F8BF3E9003D57AA /* Frameworks */,
				2279CEE31F8BF3E9003D57AA /* Resources */,
			);
			buildRules = (
			);
			dependencies = (
			);
			name = NelsonMandala;
			productName = NelsonMandala;
			productReference = 2279CEE51F8BF3E9003D57AA /* NelsonMandala.app */;
			productType = "com.apple.product-type.application";
		};
/* End PBXNativeTarget section */

/* Begin PBXProject section */
		2279CEDD1F8BF3E9003D57AA /* Project object */ = {
			isa = PBXProject;
			attributes = {
				LastSwiftUpdateCheck = 0900;
				LastUpgradeCheck = 0900;
				ORGANIZATIONNAME = "Mauricio Lorenzetti";
				TargetAttributes = {
					2279CEE41F8BF3E9003D57AA = {
						CreatedOnToolsVersion = 9.0;
						ProvisioningStyle = Automatic;
					};
				};
			};
			buildConfigurationList = 2279CEE01F8BF3E9003D57AA /* Build configuration list for PBXProject "NelsonMandala" */;
			compatibilityVersion = "Xcode 8.0";
			developmentRegion = en;
			hasScannedForEncodings = 0;
			knownRegions = (
				en,
				Base,
			);
			mainGroup = 2279CEDC1F8BF3E9003D57AA;
			productRefGroup = 2279CEE61F8BF3E9003D57AA /* Products */;
			projectDirPath = "";
			projectRoot = "";
			targets = (
				2279CEE41F8BF3E9003D57AA /* NelsonMandala */,
			);
		};
/* End PBXProject section */

/* Begin PBXResourcesBuildPhase section */
		2279CEE31F8BF3E9003D57AA /* Resources */ = {
			isa = PBXResourcesBuildPhase;
			buildActionMask = 2147483647;
			files = (
				2279CEF61F8BF3E9003D57AA /* LaunchScreen.storyboard in Resources */,
				166E44CD1F8D241800959EE2 /* mandalaScreen.storyboard in Resources */,
				2279CEF31F8BF3E9003D57AA /* Assets.xcassets in Resources */,
				2279CEEE1F8BF3E9003D57AA /* Main.storyboard in Resources */,
			);
			runOnlyForDeploymentPostprocessing = 0;
		};
/* End PBXResourcesBuildPhase section */

/* Begin PBXSourcesBuildPhase section */
		2279CEE11F8BF3E9003D57AA /* Sources */ = {
			isa = PBXSourcesBuildPhase;
			buildActionMask = 2147483647;
			files = (
				221459651F8D6B8600AAD240 /* TimerViewController.swift in Sources */,
				2279CEF11F8BF3E9003D57AA /* NelsonMandala.xcdatamodeld in Sources */,
				166E44CB1F8D23BC00959EE2 /* mandalaView.swift in Sources */,
				2279CEEB1F8BF3E9003D57AA /* ViewController.swift in Sources */,
				2279CEE91F8BF3E9003D57AA /* AppDelegate.swift in Sources */,
			);
			runOnlyForDeploymentPostprocessing = 0;
		};
/* End PBXSourcesBuildPhase section */

/* Begin PBXVariantGroup section */
		2279CEEC1F8BF3E9003D57AA /* Main.storyboard */ = {
			isa = PBXVariantGroup;
			children = (
				2279CEED1F8BF3E9003D57AA /* Base */,
			);
			name = Main.storyboard;
			sourceTree = "<group>";
		};
		2279CEF41F8BF3E9003D57AA /* LaunchScreen.storyboard */ = {
			isa = PBXVariantGroup;
			children = (
				2279CEF51F8BF3E9003D57AA /* Base */,
			);
			name = LaunchScreen.storyboard;
			sourceTree = "<group>";
		};
/* End PBXVariantGroup section */

/* Begin XCBuildConfiguration section */
		2279CEF81F8BF3E9003D57AA /* Debug */ = {
			isa = XCBuildConfiguration;
			buildSettings = {
				ALWAYS_SEARCH_USER_PATHS = NO;
				CLANG_ANALYZER_NONNULL = YES;
				CLANG_ANALYZER_NUMBER_OBJECT_CONVERSION = YES_AGGRESSIVE;
				CLANG_CXX_LANGUAGE_STANDARD = "gnu++14";
				CLANG_CXX_LIBRARY = "libc++";
				CLANG_ENABLE_MODULES = YES;
				CLANG_ENABLE_OBJC_ARC = YES;
				CLANG_WARN_BLOCK_CAPTURE_AUTORELEASING = YES;
				CLANG_WARN_BOOL_CONVERSION = YES;
				CLANG_WARN_COMMA = YES;
				CLANG_WARN_CONSTANT_CONVERSION = YES;
				CLANG_WARN_DIRECT_OBJC_ISA_USAGE = YES_ERROR;
				CLANG_WARN_DOCUMENTATION_COMMENTS = YES;
				CLANG_WARN_EMPTY_BODY = YES;
				CLANG_WARN_ENUM_CONVERSION = YES;
				CLANG_WARN_INFINITE_RECURSION = YES;
				CLANG_WARN_INT_CONVERSION = YES;
				CLANG_WARN_NON_LITERAL_NULL_CONVERSION = YES;
				CLANG_WARN_OBJC_LITERAL_CONVERSION = YES;
				CLANG_WARN_OBJC_ROOT_CLASS = YES_ERROR;
				CLANG_WARN_RANGE_LOOP_ANALYSIS = YES;
				CLANG_WARN_STRICT_PROTOTYPES = YES;
				CLANG_WARN_SUSPICIOUS_MOVE = YES;
				CLANG_WARN_UNGUARDED_AVAILABILITY = YES_AGGRESSIVE;
				CLANG_WARN_UNREACHABLE_CODE = YES;
				CLANG_WARN__DUPLICATE_METHOD_MATCH = YES;
				CODE_SIGN_IDENTITY = "iPhone Developer";
				COPY_PHASE_STRIP = NO;
				DEBUG_INFORMATION_FORMAT = dwarf;
				ENABLE_STRICT_OBJC_MSGSEND = YES;
				ENABLE_TESTABILITY = YES;
				GCC_C_LANGUAGE_STANDARD = gnu11;
				GCC_DYNAMIC_NO_PIC = NO;
				GCC_NO_COMMON_BLOCKS = YES;
				GCC_OPTIMIZATION_LEVEL = 0;
				GCC_PREPROCESSOR_DEFINITIONS = (
					"DEBUG=1",
					"$(inherited)",
				);
				GCC_WARN_64_TO_32_BIT_CONVERSION = YES;
				GCC_WARN_ABOUT_RETURN_TYPE = YES_ERROR;
				GCC_WARN_UNDECLARED_SELECTOR = YES;
				GCC_WARN_UNINITIALIZED_AUTOS = YES_AGGRESSIVE;
				GCC_WARN_UNUSED_FUNCTION = YES;
				GCC_WARN_UNUSED_VARIABLE = YES;
				IPHONEOS_DEPLOYMENT_TARGET = 11.0;
				MTL_ENABLE_DEBUG_INFO = YES;
				ONLY_ACTIVE_ARCH = YES;
				SDKROOT = iphoneos;
				SWIFT_ACTIVE_COMPILATION_CONDITIONS = DEBUG;
				SWIFT_OPTIMIZATION_LEVEL = "-Onone";
			};
			name = Debug;
		};
		2279CEF91F8BF3E9003D57AA /* Release */ = {
			isa = XCBuildConfiguration;
			buildSettings = {
				ALWAYS_SEARCH_USER_PATHS = NO;
				CLANG_ANALYZER_NONNULL = YES;
				CLANG_ANALYZER_NUMBER_OBJECT_CONVERSION = YES_AGGRESSIVE;
				CLANG_CXX_LANGUAGE_STANDARD = "gnu++14";
				CLANG_CXX_LIBRARY = "libc++";
				CLANG_ENABLE_MODULES = YES;
				CLANG_ENABLE_OBJC_ARC = YES;
				CLANG_WARN_BLOCK_CAPTURE_AUTORELEASING = YES;
				CLANG_WARN_BOOL_CONVERSION = YES;
				CLANG_WARN_COMMA = YES;
				CLANG_WARN_CONSTANT_CONVERSION = YES;
				CLANG_WARN_DIRECT_OBJC_ISA_USAGE = YES_ERROR;
				CLANG_WARN_DOCUMENTATION_COMMENTS = YES;
				CLANG_WARN_EMPTY_BODY = YES;
				CLANG_WARN_ENUM_CONVERSION = YES;
				CLANG_WARN_INFINITE_RECURSION = YES;
				CLANG_WARN_INT_CONVERSION = YES;
				CLANG_WARN_NON_LITERAL_NULL_CONVERSION = YES;
				CLANG_WARN_OBJC_LITERAL_CONVERSION = YES;
				CLANG_WARN_OBJC_ROOT_CLASS = YES_ERROR;
				CLANG_WARN_RANGE_LOOP_ANALYSIS = YES;
				CLANG_WARN_STRICT_PROTOTYPES = YES;
				CLANG_WARN_SUSPICIOUS_MOVE = YES;
				CLANG_WARN_UNGUARDED_AVAILABILITY = YES_AGGRESSIVE;
				CLANG_WARN_UNREACHABLE_CODE = YES;
				CLANG_WARN__DUPLICATE_METHOD_MATCH = YES;
				CODE_SIGN_IDENTITY = "iPhone Developer";
				COPY_PHASE_STRIP = NO;
				DEBUG_INFORMATION_FORMAT = "dwarf-with-dsym";
				ENABLE_NS_ASSERTIONS = NO;
				ENABLE_STRICT_OBJC_MSGSEND = YES;
				GCC_C_LANGUAGE_STANDARD = gnu11;
				GCC_NO_COMMON_BLOCKS = YES;
				GCC_WARN_64_TO_32_BIT_CONVERSION = YES;
				GCC_WARN_ABOUT_RETURN_TYPE = YES_ERROR;
				GCC_WARN_UNDECLARED_SELECTOR = YES;
				GCC_WARN_UNINITIALIZED_AUTOS = YES_AGGRESSIVE;
				GCC_WARN_UNUSED_FUNCTION = YES;
				GCC_WARN_UNUSED_VARIABLE = YES;
				IPHONEOS_DEPLOYMENT_TARGET = 11.0;
				MTL_ENABLE_DEBUG_INFO = NO;
				SDKROOT = iphoneos;
				SWIFT_OPTIMIZATION_LEVEL = "-Owholemodule";
				VALIDATE_PRODUCT = YES;
			};
			name = Release;
		};
		2279CEFB1F8BF3E9003D57AA /* Debug */ = {
			isa = XCBuildConfiguration;
			buildSettings = {
				ASSETCATALOG_COMPILER_APPICON_NAME = AppIcon;
				CODE_SIGN_STYLE = Automatic;
				DEVELOPMENT_TEAM = "";
				INFOPLIST_FILE = NelsonMandala/Info.plist;
				LD_RUNPATH_SEARCH_PATHS = "$(inherited) @executable_path/Frameworks";
				PRODUCT_BUNDLE_IDENTIFIER = com.mauricio.NelsonMandala;
				PRODUCT_NAME = "$(TARGET_NAME)";
				SWIFT_VERSION = 4.0;
				TARGETED_DEVICE_FAMILY = "1,2";
			};
			name = Debug;
		};
		2279CEFC1F8BF3E9003D57AA /* Release */ = {
			isa = XCBuildConfiguration;
			buildSettings = {
				ASSETCATALOG_COMPILER_APPICON_NAME = AppIcon;
				CODE_SIGN_STYLE = Automatic;
				DEVELOPMENT_TEAM = "";
				INFOPLIST_FILE = NelsonMandala/Info.plist;
				LD_RUNPATH_SEARCH_PATHS = "$(inherited) @executable_path/Frameworks";
				PRODUCT_BUNDLE_IDENTIFIER = com.mauricio.NelsonMandala;
				PRODUCT_NAME = "$(TARGET_NAME)";
				SWIFT_VERSION = 4.0;
				TARGETED_DEVICE_FAMILY = "1,2";
			};
			name = Release;
		};
/* End XCBuildConfiguration section */

/* Begin XCConfigurationList section */
		2279CEE01F8BF3E9003D57AA /* Build configuration list for PBXProject "NelsonMandala" */ = {
			isa = XCConfigurationList;
			buildConfigurations = (
				2279CEF81F8BF3E9003D57AA /* Debug */,
				2279CEF91F8BF3E9003D57AA /* Release */,
			);
			defaultConfigurationIsVisible = 0;
			defaultConfigurationName = Release;
		};
		2279CEFA1F8BF3E9003D57AA /* Build configuration list for PBXNativeTarget "NelsonMandala" */ = {
			isa = XCConfigurationList;
			buildConfigurations = (
				2279CEFB1F8BF3E9003D57AA /* Debug */,
				2279CEFC1F8BF3E9003D57AA /* Release */,
			);
			defaultConfigurationIsVisible = 0;
			defaultConfigurationName = Release;
		};
/* End XCConfigurationList section */

/* Begin XCVersionGroup section */
		2279CEEF1F8BF3E9003D57AA /* NelsonMandala.xcdatamodeld */ = {
			isa = XCVersionGroup;
			children = (
				2279CEF01F8BF3E9003D57AA /* NelsonMandala.xcdatamodel */,
			);
			currentVersion = 2279CEF01F8BF3E9003D57AA /* NelsonMandala.xcdatamodel */;
			path = NelsonMandala.xcdatamodeld;
			sourceTree = "<group>";
			versionGroupType = wrapper.xcdatamodel;
		};
/* End XCVersionGroup section */
	};
	rootObject = 2279CEDD1F8BF3E9003D57AA /* Project object */;
}
